
Microsoft Visual Studio Solution File, Format Version 12.00
# Visual Studio 15
VisualStudioVersion = 15.0.26124.0
MinimumVisualStudioVersion = 15.0.26124.0
Project("{2150E333-8FDC-42A3-9474-1A3956D46DE8}") = "Drivers", "Drivers", "{A4A7574B-14EA-45ED-89A5-6CC1A5877CDD}"
EndProject
Project("{FAE04EC0-301F-11D3-BF4B-00C04F79EFBC}") = "DigiDesp.Drivers.Api", "Drivers\DigiDesp.Drivers.Api\DigiDesp.Drivers.Api.csproj", "{5423A59E-4DF7-4C49-BC51-A00B62499883}"
EndProject
Project("{FAE04EC0-301F-11D3-BF4B-00C04F79EFBC}") = "DigiDesp.Drivers.Application", "Drivers\DigiDesp.Drivers.Application\DigiDesp.Drivers.Application.csproj", "{FF8247CD-A707-4CAB-9C20-161CB718E3E7}"
EndProject
Project("{FAE04EC0-301F-11D3-BF4B-00C04F79EFBC}") = "DigiDesp.Drivers.Domain", "Drivers\DigiDesp.Drivers.Domain\DigiDesp.Drivers.Domain.csproj", "{AA151A1E-AE1C-42D0-88AE-10E274883D47}"
EndProject
Project("{FAE04EC0-301F-11D3-BF4B-00C04F79EFBC}") = "DigiDesp.Drivers.Infra.Data", "Drivers\DigiDesp.Drivers.Infra.Data\DigiDesp.Drivers.Infra.Data.csproj", "{9266F07A-CB3E-46B2-9906-00239BC7E254}"
EndProject
Project("{FAE04EC0-301F-11D3-BF4B-00C04F79EFBC}") = "DigiDesp.Drivers.CrossCutting.IoC", "Drivers\DigiDesp.Drivers.CrossCutting.IoC\DigiDesp.Drivers.CrossCutting.IoC.csproj", "{A4FEDF3D-BB1A-4396-8091-4EECB3FB66C9}"
EndProject
Project("{FAE04EC0-301F-11D3-BF4B-00C04F79EFBC}") = "DigiDesp.Drivers.Tests", "Drivers\DigiDesp.Drivers.Tests\DigiDesp.Drivers.Tests.csproj", "{EBD85DE7-DA06-43A4-BB2C-702448753DDE}"
EndProject
Project("{2150E333-8FDC-42A3-9474-1A3956D46DE8}") = "Common", "Common", "{37E36365-AE21-46AF-8678-0691EA3A749E}"
EndProject
Project("{FAE04EC0-301F-11D3-BF4B-00C04F79EFBC}") = "DigiDesp.Common.Types", "Common\DigiDesp.Common.Types\DigiDesp.Common.Types.csproj", "{947C8C8F-866D-4C06-B244-26E53FE97FB6}"
EndProject
Global
	GlobalSection(SolutionConfigurationPlatforms) = preSolution
		Debug|Any CPU = Debug|Any CPU
		Debug|x64 = Debug|x64
		Debug|x86 = Debug|x86
		Release|Any CPU = Release|Any CPU
		Release|x64 = Release|x64
		Release|x86 = Release|x86
	EndGlobalSection
	GlobalSection(SolutionProperties) = preSolution
		HideSolutionNode = FALSE
	EndGlobalSection
	GlobalSection(ProjectConfigurationPlatforms) = postSolution
		{5423A59E-4DF7-4C49-BC51-A00B62499883}.Debug|Any CPU.ActiveCfg = Debug|Any CPU
		{5423A59E-4DF7-4C49-BC51-A00B62499883}.Debug|Any CPU.Build.0 = Debug|Any CPU
		{5423A59E-4DF7-4C49-BC51-A00B62499883}.Debug|x64.ActiveCfg = Debug|Any CPU
		{5423A59E-4DF7-4C49-BC51-A00B62499883}.Debug|x64.Build.0 = Debug|Any CPU
		{5423A59E-4DF7-4C49-BC51-A00B62499883}.Debug|x86.ActiveCfg = Debug|Any CPU
		{5423A59E-4DF7-4C49-BC51-A00B62499883}.Debug|x86.Build.0 = Debug|Any CPU
		{5423A59E-4DF7-4C49-BC51-A00B62499883}.Release|Any CPU.ActiveCfg = Release|Any CPU
		{5423A59E-4DF7-4C49-BC51-A00B62499883}.Release|Any CPU.Build.0 = Release|Any CPU
		{5423A59E-4DF7-4C49-BC51-A00B62499883}.Release|x64.ActiveCfg = Release|Any CPU
		{5423A59E-4DF7-4C49-BC51-A00B62499883}.Release|x64.Build.0 = Release|Any CPU
		{5423A59E-4DF7-4C49-BC51-A00B62499883}.Release|x86.ActiveCfg = Release|Any CPU
		{5423A59E-4DF7-4C49-BC51-A00B62499883}.Release|x86.Build.0 = Release|Any CPU
		{FF8247CD-A707-4CAB-9C20-161CB718E3E7}.Debug|Any CPU.ActiveCfg = Debug|Any CPU
		{FF8247CD-A707-4CAB-9C20-161CB718E3E7}.Debug|Any CPU.Build.0 = Debug|Any CPU
		{FF8247CD-A707-4CAB-9C20-161CB718E3E7}.Debug|x64.ActiveCfg = Debug|Any CPU
		{FF8247CD-A707-4CAB-9C20-161CB718E3E7}.Debug|x64.Build.0 = Debug|Any CPU
		{FF8247CD-A707-4CAB-9C20-161CB718E3E7}.Debug|x86.ActiveCfg = Debug|Any CPU
		{FF8247CD-A707-4CAB-9C20-161CB718E3E7}.Debug|x86.Build.0 = Debug|Any CPU
		{FF8247CD-A707-4CAB-9C20-161CB718E3E7}.Release|Any CPU.ActiveCfg = Release|Any CPU
		{FF8247CD-A707-4CAB-9C20-161CB718E3E7}.Release|Any CPU.Build.0 = Release|Any CPU
		{FF8247CD-A707-4CAB-9C20-161CB718E3E7}.Release|x64.ActiveCfg = Release|Any CPU
		{FF8247CD-A707-4CAB-9C20-161CB718E3E7}.Release|x64.Build.0 = Release|Any CPU
		{FF8247CD-A707-4CAB-9C20-161CB718E3E7}.Release|x86.ActiveCfg = Release|Any CPU
		{FF8247CD-A707-4CAB-9C20-161CB718E3E7}.Release|x86.Build.0 = Release|Any CPU
		{AA151A1E-AE1C-42D0-88AE-10E274883D47}.Debug|Any CPU.ActiveCfg = Debug|Any CPU
		{AA151A1E-AE1C-42D0-88AE-10E274883D47}.Debug|Any CPU.Build.0 = Debug|Any CPU
		{AA151A1E-AE1C-42D0-88AE-10E274883D47}.Debug|x64.ActiveCfg = Debug|Any CPU
		{AA151A1E-AE1C-42D0-88AE-10E274883D47}.Debug|x64.Build.0 = Debug|Any CPU
		{AA151A1E-AE1C-42D0-88AE-10E274883D47}.Debug|x86.ActiveCfg = Debug|Any CPU
		{AA151A1E-AE1C-42D0-88AE-10E274883D47}.Debug|x86.Build.0 = Debug|Any CPU
		{AA151A1E-AE1C-42D0-88AE-10E274883D47}.Release|Any CPU.ActiveCfg = Release|Any CPU
		{AA151A1E-AE1C-42D0-88AE-10E274883D47}.Release|Any CPU.Build.0 = Release|Any CPU
		{AA151A1E-AE1C-42D0-88AE-10E274883D47}.Release|x64.ActiveCfg = Release|Any CPU
		{AA151A1E-AE1C-42D0-88AE-10E274883D47}.Release|x64.Build.0 = Release|Any CPU
		{AA151A1E-AE1C-42D0-88AE-10E274883D47}.Release|x86.ActiveCfg = Release|Any CPU
		{AA151A1E-AE1C-42D0-88AE-10E274883D47}.Release|x86.Build.0 = Release|Any CPU
		{9266F07A-CB3E-46B2-9906-00239BC7E254}.Debug|Any CPU.ActiveCfg = Debug|Any CPU
		{9266F07A-CB3E-46B2-9906-00239BC7E254}.Debug|Any CPU.Build.0 = Debug|Any CPU
		{9266F07A-CB3E-46B2-9906-00239BC7E254}.Debug|x64.ActiveCfg = Debug|Any CPU
		{9266F07A-CB3E-46B2-9906-00239BC7E254}.Debug|x64.Build.0 = Debug|Any CPU
		{9266F07A-CB3E-46B2-9906-00239BC7E254}.Debug|x86.ActiveCfg = Debug|Any CPU
		{9266F07A-CB3E-46B2-9906-00239BC7E254}.Debug|x86.Build.0 = Debug|Any CPU
		{9266F07A-CB3E-46B2-9906-00239BC7E254}.Release|Any CPU.ActiveCfg = Release|Any CPU
		{9266F07A-CB3E-46B2-9906-00239BC7E254}.Release|Any CPU.Build.0 = Release|Any CPU
		{9266F07A-CB3E-46B2-9906-00239BC7E254}.Release|x64.ActiveCfg = Release|Any CPU
		{9266F07A-CB3E-46B2-9906-00239BC7E254}.Release|x64.Build.0 = Release|Any CPU
		{9266F07A-CB3E-46B2-9906-00239BC7E254}.Release|x86.ActiveCfg = Release|Any CPU
		{9266F07A-CB3E-46B2-9906-00239BC7E254}.Release|x86.Build.0 = Release|Any CPU
		{A4FEDF3D-BB1A-4396-8091-4EECB3FB66C9}.Debug|Any CPU.ActiveCfg = Debug|Any CPU
		{A4FEDF3D-BB1A-4396-8091-4EECB3FB66C9}.Debug|Any CPU.Build.0 = Debug|Any CPU
		{A4FEDF3D-BB1A-4396-8091-4EECB3FB66C9}.Debug|x64.ActiveCfg = Debug|Any CPU
		{A4FEDF3D-BB1A-4396-8091-4EECB3FB66C9}.Debug|x64.Build.0 = Debug|Any CPU
		{A4FEDF3D-BB1A-4396-8091-4EECB3FB66C9}.Debug|x86.ActiveCfg = Debug|Any CPU
		{A4FEDF3D-BB1A-4396-8091-4EECB3FB66C9}.Debug|x86.Build.0 = Debug|Any CPU
		{A4FEDF3D-BB1A-4396-8091-4EECB3FB66C9}.Release|Any CPU.ActiveCfg = Release|Any CPU
		{A4FEDF3D-BB1A-4396-8091-4EECB3FB66C9}.Release|Any CPU.Build.0 = Release|Any CPU
		{A4FEDF3D-BB1A-4396-8091-4EECB3FB66C9}.Release|x64.ActiveCfg = Release|Any CPU
		{A4FEDF3D-BB1A-4396-8091-4EECB3FB66C9}.Release|x64.Build.0 = Release|Any CPU
		{A4FEDF3D-BB1A-4396-8091-4EECB3FB66C9}.Release|x86.ActiveCfg = Release|Any CPU
		{A4FEDF3D-BB1A-4396-8091-4EECB3FB66C9}.Release|x86.Build.0 = Release|Any CPU
		{EBD85DE7-DA06-43A4-BB2C-702448753DDE}.Debug|Any CPU.ActiveCfg = Debug|Any CPU
		{EBD85DE7-DA06-43A4-BB2C-702448753DDE}.Debug|Any CPU.Build.0 = Debug|Any CPU
		{EBD85DE7-DA06-43A4-BB2C-702448753DDE}.Debug|x64.ActiveCfg = Debug|Any CPU
		{EBD85DE7-DA06-43A4-BB2C-702448753DDE}.Debug|x64.Build.0 = Debug|Any CPU
		{EBD85DE7-DA06-43A4-BB2C-702448753DDE}.Debug|x86.ActiveCfg = Debug|Any CPU
		{EBD85DE7-DA06-43A4-BB2C-702448753DDE}.Debug|x86.Build.0 = Debug|Any CPU
		{EBD85DE7-DA06-43A4-BB2C-702448753DDE}.Release|Any CPU.ActiveCfg = Release|Any CPU
		{EBD85DE7-DA06-43A4-BB2C-702448753DDE}.Release|Any CPU.Build.0 = Release|Any CPU
		{EBD85DE7-DA06-43A4-BB2C-702448753DDE}.Release|x64.ActiveCfg = Release|Any CPU
		{EBD85DE7-DA06-43A4-BB2C-702448753DDE}.Release|x64.Build.0 = Release|Any CPU
		{EBD85DE7-DA06-43A4-BB2C-702448753DDE}.Release|x86.ActiveCfg = Release|Any CPU
		{EBD85DE7-DA06-43A4-BB2C-702448753DDE}.Release|x86.Build.0 = Release|Any CPU
		{947C8C8F-866D-4C06-B244-26E53FE97FB6}.Debug|Any CPU.ActiveCfg = Debug|Any CPU
		{947C8C8F-866D-4C06-B244-26E53FE97FB6}.Debug|Any CPU.Build.0 = Debug|Any CPU
		{947C8C8F-866D-4C06-B244-26E53FE97FB6}.Debug|x64.ActiveCfg = Debug|Any CPU
		{947C8C8F-866D-4C06-B244-26E53FE97FB6}.Debug|x64.Build.0 = Debug|Any CPU
		{947C8C8F-866D-4C06-B244-26E53FE97FB6}.Debug|x86.ActiveCfg = Debug|Any CPU
		{947C8C8F-866D-4C06-B244-26E53FE97FB6}.Debug|x86.Build.0 = Debug|Any CPU
		{947C8C8F-866D-4C06-B244-26E53FE97FB6}.Release|Any CPU.ActiveCfg = Release|Any CPU
		{947C8C8F-866D-4C06-B244-26E53FE97FB6}.Release|Any CPU.Build.0 = Release|Any CPU
		{947C8C8F-866D-4C06-B244-26E53FE97FB6}.Release|x64.ActiveCfg = Release|Any CPU
		{947C8C8F-866D-4C06-B244-26E53FE97FB6}.Release|x64.Build.0 = Release|Any CPU
		{947C8C8F-866D-4C06-B244-26E53FE97FB6}.Release|x86.ActiveCfg = Release|Any CPU
		{947C8C8F-866D-4C06-B244-26E53FE97FB6}.Release|x86.Build.0 = Release|Any CPU
	EndGlobalSection
	GlobalSection(NestedProjects) = preSolution
		{5423A59E-4DF7-4C49-BC51-A00B62499883} = {A4A7574B-14EA-45ED-89A5-6CC1A5877CDD}
		{FF8247CD-A707-4CAB-9C20-161CB718E3E7} = {A4A7574B-14EA-45ED-89A5-6CC1A5877CDD}
		{AA151A1E-AE1C-42D0-88AE-10E274883D47} = {A4A7574B-14EA-45ED-89A5-6CC1A5877CDD}
		{9266F07A-CB3E-46B2-9906-00239BC7E254} = {A4A7574B-14EA-45ED-89A5-6CC1A5877CDD}
		{A4FEDF3D-BB1A-4396-8091-4EECB3FB66C9} = {A4A7574B-14EA-45ED-89A5-6CC1A5877CDD}
		{EBD85DE7-DA06-43A4-BB2C-702448753DDE} = {A4A7574B-14EA-45ED-89A5-6CC1A5877CDD}
		{947C8C8F-866D-4C06-B244-26E53FE97FB6} = {37E36365-AE21-46AF-8678-0691EA3A749E}
	EndGlobalSection
EndGlobal
